
Microsoft Visual Studio Solution File, Format Version 12.00
# Visual Studio Version 17
VisualStudioVersion = 17.8.34322.80
MinimumVisualStudioVersion = 10.0.40219.1
Project("{FAE04EC0-301F-11D3-BF4B-00C04F79EFBC}") = "B1_TestTask_1", "B1_TestTask_1\B1_TestTask_1.csproj", "{23D93222-EADE-47C5-8CB6-589A1DA0F59A}"
EndProject
Global
	GlobalSection(SolutionConfigurationPlatforms) = preSolution
		Debug|Any CPU = Debug|Any CPU
		Release|Any CPU = Release|Any CPU
	EndGlobalSection
	GlobalSection(ProjectConfigurationPlatforms) = postSolution
		{23D93222-EADE-47C5-8CB6-589A1DA0F59A}.Debug|Any CPU.ActiveCfg = Debug|Any CPU
		{23D93222-EADE-47C5-8CB6-589A1DA0F59A}.Debug|Any CPU.Build.0 = Debug|Any CPU
		{23D93222-EADE-47C5-8CB6-589A1DA0F59A}.Release|Any CPU.ActiveCfg = Release|Any CPU
		{23D93222-EADE-47C5-8CB6-589A1DA0F59A}.Release|Any CPU.Build.0 = Release|Any CPU
	EndGlobalSection
	GlobalSection(SolutionProperties) = preSolution
		HideSolutionNode = FALSE
	EndGlobalSection
	GlobalSection(ExtensibilityGlobals) = postSolution
		SolutionGuid = {1606B572-983C-49EF-827C-EFA3F39F96C1}
	EndGlobalSection
EndGlobal
