
Microsoft Visual Studio Solution File, Format Version 12.00
# Visual Studio Version 17
VisualStudioVersion = 17.8.34322.80
MinimumVisualStudioVersion = 10.0.40219.1
Project("{FAE04EC0-301F-11D3-BF4B-00C04F79EFBC}") = "B1_TestTask_2", "B1_TestTask_2\B1_TestTask_2.csproj", "{802DE327-0E09-4FA2-B529-86AC94125625}"
EndProject
Global
	GlobalSection(SolutionConfigurationPlatforms) = preSolution
		Debug|Any CPU = Debug|Any CPU
		Release|Any CPU = Release|Any CPU
	EndGlobalSection
	GlobalSection(ProjectConfigurationPlatforms) = postSolution
		{802DE327-0E09-4FA2-B529-86AC94125625}.Debug|Any CPU.ActiveCfg = Debug|Any CPU
		{802DE327-0E09-4FA2-B529-86AC94125625}.Debug|Any CPU.Build.0 = Debug|Any CPU
		{802DE327-0E09-4FA2-B529-86AC94125625}.Release|Any CPU.ActiveCfg = Release|Any CPU
		{802DE327-0E09-4FA2-B529-86AC94125625}.Release|Any CPU.Build.0 = Release|Any CPU
	EndGlobalSection
	GlobalSection(SolutionProperties) = preSolution
		HideSolutionNode = FALSE
	EndGlobalSection
	GlobalSection(ExtensibilityGlobals) = postSolution
		SolutionGuid = {09413475-4E86-43D0-94BE-B6BD3513727D}
	EndGlobalSection
EndGlobal
